
Microsoft Visual Studio Solution File, Format Version 12.00
# Visual Studio Version 17
VisualStudioVersion = 17.9.34622.214
MinimumVisualStudioVersion = 10.0.40219.1
Project("{F2A71F9B-5D33-465A-A702-920D77279786}") = "rest api", "rest api\rest api.fsproj", "{A0928C8F-F58E-47D1-9B8D-49154AEFC81B}"
EndProject
Global
	GlobalSection(SolutionConfigurationPlatforms) = preSolution
		Debug|Any CPU = Debug|Any CPU
		Release|Any CPU = Release|Any CPU
	EndGlobalSection
	GlobalSection(ProjectConfigurationPlatforms) = postSolution
		{A0928C8F-F58E-47D1-9B8D-49154AEFC81B}.Debug|Any CPU.ActiveCfg = Debug|Any CPU
		{A0928C8F-F58E-47D1-9B8D-49154AEFC81B}.Debug|Any CPU.Build.0 = Debug|Any CPU
		{A0928C8F-F58E-47D1-9B8D-49154AEFC81B}.Release|Any CPU.ActiveCfg = Release|Any CPU
		{A0928C8F-F58E-47D1-9B8D-49154AEFC81B}.Release|Any CPU.Build.0 = Release|Any CPU
	EndGlobalSection
	GlobalSection(SolutionProperties) = preSolution
		HideSolutionNode = FALSE
	EndGlobalSection
	GlobalSection(ExtensibilityGlobals) = postSolution
		SolutionGuid = {00CF48EB-8F2B-4E2C-8EC5-912196567F5E}
	EndGlobalSection
EndGlobal
